
Microsoft Visual Studio Solution File, Format Version 12.00
# Visual Studio Express 2012 for Web
Project("{FAE04EC0-301F-11D3-BF4B-00C04F79EFBC}") = "EssentialTools", "EssentialTools\EssentialTools.csproj", "{BD8D74DB-7B83-4085-84AF-B44A455C29F4}"
EndProject
Project("{FAE04EC0-301F-11D3-BF4B-00C04F79EFBC}") = "EssentialTools.Tests", "..\..\..\..\..\..\..\..\Projects\EssentialTools\EssentialTools.Tests\EssentialTools.Tests.csproj", "{98B4EB36-52A2-42FB-8FE8-ADE92999B042}"
EndProject
Global
	GlobalSection(SolutionConfigurationPlatforms) = preSolution
		Debug|Any CPU = Debug|Any CPU
		Release|Any CPU = Release|Any CPU
	EndGlobalSection
	GlobalSection(ProjectConfigurationPlatforms) = postSolution
		{BD8D74DB-7B83-4085-84AF-B44A455C29F4}.Debug|Any CPU.ActiveCfg = Debug|Any CPU
		{BD8D74DB-7B83-4085-84AF-B44A455C29F4}.Debug|Any CPU.Build.0 = Debug|Any CPU
		{BD8D74DB-7B83-4085-84AF-B44A455C29F4}.Release|Any CPU.ActiveCfg = Release|Any CPU
		{BD8D74DB-7B83-4085-84AF-B44A455C29F4}.Release|Any CPU.Build.0 = Release|Any CPU
		{98B4EB36-52A2-42FB-8FE8-ADE92999B042}.Debug|Any CPU.ActiveCfg = Debug|Any CPU
		{98B4EB36-52A2-42FB-8FE8-ADE92999B042}.Debug|Any CPU.Build.0 = Debug|Any CPU
		{98B4EB36-52A2-42FB-8FE8-ADE92999B042}.Release|Any CPU.ActiveCfg = Release|Any CPU
		{98B4EB36-52A2-42FB-8FE8-ADE92999B042}.Release|Any CPU.Build.0 = Release|Any CPU
	EndGlobalSection
	GlobalSection(SolutionProperties) = preSolution
		HideSolutionNode = FALSE
	EndGlobalSection
EndGlobal
