
Microsoft Visual Studio Solution File, Format Version 12.00
# Visual Studio Express 2012 for Web
Project("{FAE04EC0-301F-11D3-BF4B-00C04F79EFBC}") = "TheMVCPattern", "TheMVCPattern\TheMVCPattern.csproj", "{7A9DF9A0-671C-447F-8EDB-841EA823329D}"
EndProject
Project("{FAE04EC0-301F-11D3-BF4B-00C04F79EFBC}") = "TheMVCPattern.Tests", "TheMVCPattern.Tests\TheMVCPattern.Tests.csproj", "{F5181DAD-94DD-48FC-A114-8D095B8FEE38}"
EndProject
Global
	GlobalSection(SolutionConfigurationPlatforms) = preSolution
		Debug|Any CPU = Debug|Any CPU
		Release|Any CPU = Release|Any CPU
	EndGlobalSection
	GlobalSection(ProjectConfigurationPlatforms) = postSolution
		{7A9DF9A0-671C-447F-8EDB-841EA823329D}.Debug|Any CPU.ActiveCfg = Debug|Any CPU
		{7A9DF9A0-671C-447F-8EDB-841EA823329D}.Debug|Any CPU.Build.0 = Debug|Any CPU
		{7A9DF9A0-671C-447F-8EDB-841EA823329D}.Release|Any CPU.ActiveCfg = Release|Any CPU
		{7A9DF9A0-671C-447F-8EDB-841EA823329D}.Release|Any CPU.Build.0 = Release|Any CPU
		{F5181DAD-94DD-48FC-A114-8D095B8FEE38}.Debug|Any CPU.ActiveCfg = Debug|Any CPU
		{F5181DAD-94DD-48FC-A114-8D095B8FEE38}.Debug|Any CPU.Build.0 = Debug|Any CPU
		{F5181DAD-94DD-48FC-A114-8D095B8FEE38}.Release|Any CPU.ActiveCfg = Release|Any CPU
		{F5181DAD-94DD-48FC-A114-8D095B8FEE38}.Release|Any CPU.Build.0 = Release|Any CPU
	EndGlobalSection
	GlobalSection(SolutionProperties) = preSolution
		HideSolutionNode = FALSE
	EndGlobalSection
EndGlobal
