
Microsoft Visual Studio Solution File, Format Version 12.00
# Visual Studio Express 2012 for Web
Project("{FAE04EC0-301F-11D3-BF4B-00C04F79EFBC}") = "MvcModels", "MvcModels\MvcModels.csproj", "{8BED0E81-F47B-4876-9329-E80C48F2C37F}"
EndProject
Global
	GlobalSection(SolutionConfigurationPlatforms) = preSolution
		Debug|Any CPU = Debug|Any CPU
		Release|Any CPU = Release|Any CPU
	EndGlobalSection
	GlobalSection(ProjectConfigurationPlatforms) = postSolution
		{8BED0E81-F47B-4876-9329-E80C48F2C37F}.Debug|Any CPU.ActiveCfg = Debug|Any CPU
		{8BED0E81-F47B-4876-9329-E80C48F2C37F}.Debug|Any CPU.Build.0 = Debug|Any CPU
		{8BED0E81-F47B-4876-9329-E80C48F2C37F}.Release|Any CPU.ActiveCfg = Release|Any CPU
		{8BED0E81-F47B-4876-9329-E80C48F2C37F}.Release|Any CPU.Build.0 = Release|Any CPU
	EndGlobalSection
	GlobalSection(SolutionProperties) = preSolution
		HideSolutionNode = FALSE
	EndGlobalSection
EndGlobal
